// !$*UTF8*$!
{
	archiveVersion = 1;
	classes = {
	};
	objectVersion = 46;
	objects = {

/* Begin PBXBuildFile section */
		92BC40971CCD51D9009D23FB /* AppDelegate.swift in Sources */ = {isa = PBXBuildFile; fileRef = 92BC40961CCD51D9009D23FB /* AppDelegate.swift */; };
		92BC40991CCD51D9009D23FB /* ViewController.swift in Sources */ = {isa = PBXBuildFile; fileRef = 92BC40981CCD51D9009D23FB /* ViewController.swift */; };
		92BC409C1CCD51D9009D23FB /* Main.storyboard in Resources */ = {isa = PBXBuildFile; fileRef = 92BC409A1CCD51D9009D23FB /* Main.storyboard */; };
		92BC409E1CCD51D9009D23FB /* Assets.xcassets in Resources */ = {isa = PBXBuildFile; fileRef = 92BC409D1CCD51D9009D23FB /* Assets.xcassets */; };
		92BC40A11CCD51D9009D23FB /* LaunchScreen.storyboard in Resources */ = {isa = PBXBuildFile; fileRef = 92BC409F1CCD51D9009D23FB /* LaunchScreen.storyboard */; };
/* End PBXBuildFile section */

/* Begin PBXFileReference section */
		92BC40931CCD51D9009D23FB /* GradeReportSystem.app */ = {isa = PBXFileReference; explicitFileType = wrapper.application; includeInIndex = 0; path = GradeReportSystem.app; sourceTree = BUILT_PRODUCTS_DIR; };
		92BC40961CCD51D9009D23FB /* AppDelegate.swift */ = {isa = PBXFileReference; lastKnownFileType = sourcecode.swift; path = AppDelegate.swift; sourceTree = "<group>"; };
		92BC40981CCD51D9009D23FB /* ViewController.swift */ = {isa = PBXFileReference; lastKnownFileType = sourcecode.swift; path = ViewController.swift; sourceTree = "<group>"; };
		92BC409B1CCD51D9009D23FB /* Base */ = {isa = PBXFileReference; lastKnownFileType = file.storyboard; name = Base; path = Base.lproj/Main.storyboard; sourceTree = "<group>"; };
		92BC409D1CCD51D9009D23FB /* Assets.xcassets */ = {isa = PBXFileReference; lastKnownFileType = folder.assetcatalog; path = Assets.xcassets; sourceTree = "<group>"; };
		92BC40A01CCD51D9009D23FB /* Base */ = {isa = PBXFileReference; lastKnownFileType = file.storyboard; name = Base; path = Base.lproj/LaunchScreen.storyboard; sourceTree = "<group>"; };
		92BC40A21CCD51D9009D23FB /* Info.plist */ = {isa = PBXFileReference; lastKnownFileType = text.plist.xml; path = Info.plist; sourceTree = "<group>"; };
/* End PBXFileReference section */

/* Begin PBXFrameworksBuildPhase section */
		92BC40901CCD51D9009D23FB /* Frameworks */ = {
			isa = PBXFrameworksBuildPhase;
			buildActionMask = 2147483647;
			files = (
			);
			runOnlyForDeploymentPostprocessing = 0;
		};
/* End PBXFrameworksBuildPhase section */

/* Begin PBXGroup section */
		92BC408A1CCD51D8009D23FB = {
			isa = PBXGroup;
			children = (
				92BC40951CCD51D9009D23FB /* GradeReportSystem */,
				92BC40941CCD51D9009D23FB /* Products */,
			);
			sourceTree = "<group>";
		};
		92BC40941CCD51D9009D23FB /* Products */ = {
			isa = PBXGroup;
			children = (
				92BC40931CCD51D9009D23FB /* GradeReportSystem.app */,
			);
			name = Products;
			sourceTree = "<group>";
		};
		92BC40951CCD51D9009D23FB /* GradeReportSystem */ = {
			isa = PBXGroup;
			children = (
				92BC40961CCD51D9009D23FB /* AppDelegate.swift */,
				92BC40981CCD51D9009D23FB /* ViewController.swift */,
				92BC409A1CCD51D9009D23FB /* Main.storyboard */,
				92BC409D1CCD51D9009D23FB /* Assets.xcassets */,
				92BC409F1CCD51D9009D23FB /* LaunchScreen.storyboard */,
				92BC40A21CCD51D9009D23FB /* Info.plist */,
			);
			path = GradeReportSystem;
			sourceTree = "<group>";
		};
/* End PBXGroup section */

/* Begin PBXNativeTarget section */
		92BC40921CCD51D9009D23FB /* GradeReportSystem */ = {
			isa = PBXNativeTarget;
			buildConfigurationList = 92BC40A51CCD51D9009D23FB /* Build configuration list for PBXNativeTarget "GradeReportSystem" */;
			buildPhases = (
				92BC408F1CCD51D9009D23FB /* Sources */,
				92BC40901CCD51D9009D23FB /* Frameworks */,
				92BC40911CCD51D9009D23FB /* Resources */,
			);
			buildRules = (
			);
			dependencies = (
			);
			name = GradeReportSystem;
			productName = GradeReportSystem;
			productReference = 92BC40931CCD51D9009D23FB /* GradeReportSystem.app */;
			productType = "com.apple.product-type.application";
		};
/* End PBXNativeTarget section */

/* Begin PBXProject section */
		92BC408B1CCD51D8009D23FB /* Project object */ = {
			isa = PBXProject;
			attributes = {
				LastSwiftUpdateCheck = 0720;
				LastUpgradeCheck = 0720;
				ORGANIZATIONNAME = "Amr Salman";
				TargetAttributes = {
					92BC40921CCD51D9009D23FB = {
						CreatedOnToolsVersion = 7.2.1;
					};
				};
			};
			buildConfigurationList = 92BC408E1CCD51D8009D23FB /* Build configuration list for PBXProject "GradeReportSystem" */;
			compatibilityVersion = "Xcode 3.2";
			developmentRegion = English;
			hasScannedForEncodings = 0;
			knownRegions = (
				en,
				Base,
			);
			mainGroup = 92BC408A1CCD51D8009D23FB;
			productRefGroup = 92BC40941CCD51D9009D23FB /* Products */;
			projectDirPath = "";
			projectRoot = "";
			targets = (
				92BC40921CCD51D9009D23FB /* GradeReportSystem */,
			);
		};
/* End PBXProject section */

/* Begin PBXResourcesBuildPhase section */
		92BC40911CCD51D9009D23FB /* Resources */ = {
			isa = PBXResourcesBuildPhase;
			buildActionMask = 2147483647;
			files = (
				92BC40A11CCD51D9009D23FB /* LaunchScreen.storyboard in Resources */,
				92BC409E1CCD51D9009D23FB /* Assets.xcassets in Resources */,
				92BC409C1CCD51D9009D23FB /* Main.storyboard in Resources */,
			);
			runOnlyForDeploymentPostprocessing = 0;
		};
/* End PBXResourcesBuildPhase section */

/* Begin PBXSourcesBuildPhase section */
		92BC408F1CCD51D9009D23FB /* Sources */ = {
			isa = PBXSourcesBuildPhase;
			buildActionMask = 2147483647;
			files = (
				92BC40991CCD51D9009D23FB /* ViewController.swift in Sources */,
				92BC40971CCD51D9009D23FB /* AppDelegate.swift in Sources */,
			);
			runOnlyForDeploymentPostprocessing = 0;
		};
/* End PBXSourcesBuildPhase section */

/* Begin PBXVariantGroup section */
		92BC409A1CCD51D9009D23FB /* Main.storyboard */ = {
			isa = PBXVariantGroup;
			children = (
				92BC409B1CCD51D9009D23FB /* Base */,
			);
			name = Main.storyboard;
			sourceTree = "<group>";
		};
		92BC409F1CCD51D9009D23FB /* LaunchScreen.storyboard */ = {
			isa = PBXVariantGroup;
			children = (
				92BC40A01CCD51D9009D23FB /* Base */,
			);
			name = LaunchScreen.storyboard;
			sourceTree = "<group>";
		};
/* End PBXVariantGroup section */

/* Begin XCBuildConfiguration section */
		92BC40A31CCD51D9009D23FB /* Debug */ = {
			isa = XCBuildConfiguration;
			buildSettings = {
				ALWAYS_SEARCH_USER_PATHS = NO;
				CLANG_CXX_LANGUAGE_STANDARD = "gnu++0x";
				CLANG_CXX_LIBRARY = "libc++";
				CLANG_ENABLE_MODULES = YES;
				CLANG_ENABLE_OBJC_ARC = YES;
				CLANG_WARN_BOOL_CONVERSION = YES;
				CLANG_WARN_CONSTANT_CONVERSION = YES;
				CLANG_WARN_DIRECT_OBJC_ISA_USAGE = YES_ERROR;
				CLANG_WARN_EMPTY_BODY = YES;
				CLANG_WARN_ENUM_CONVERSION = YES;
				CLANG_WARN_INT_CONVERSION = YES;
				CLANG_WARN_OBJC_ROOT_CLASS = YES_ERROR;
				CLANG_WARN_UNREACHABLE_CODE = YES;
				CLANG_WARN__DUPLICATE_METHOD_MATCH = YES;
				"CODE_SIGN_IDENTITY[sdk=iphoneos*]" = "iPhone Developer";
				COPY_PHASE_STRIP = NO;
				DEBUG_INFORMATION_FORMAT = dwarf;
				ENABLE_STRICT_OBJC_MSGSEND = YES;
				ENABLE_TESTABILITY = YES;
				GCC_C_LANGUAGE_STANDARD = gnu99;
				GCC_DYNAMIC_NO_PIC = NO;
				GCC_NO_COMMON_BLOCKS = YES;
				GCC_OPTIMIZATION_LEVEL = 0;
				GCC_PREPROCESSOR_DEFINITIONS = (
					"DEBUG=1",
					"$(inherited)",
				);
				GCC_WARN_64_TO_32_BIT_CONVERSION = YES;
				GCC_WARN_ABOUT_RETURN_TYPE = YES_ERROR;
				GCC_WARN_UNDECLARED_SELECTOR = YES;
				GCC_WARN_UNINITIALIZED_AUTOS = YES_AGGRESSIVE;
				GCC_WARN_UNUSED_FUNCTION = YES;
				GCC_WARN_UNUSED_VARIABLE = YES;
				IPHONEOS_DEPLOYMENT_TARGET = 9.2;
				MTL_ENABLE_DEBUG_INFO = YES;
				ONLY_ACTIVE_ARCH = YES;
				SDKROOT = iphoneos;
				SWIFT_OPTIMIZATION_LEVEL = "-Onone";
				TARGETED_DEVICE_FAMILY = "1,2";
			};
			name = Debug;
		};
		92BC40A41CCD51D9009D23FB /* Release */ = {
			isa = XCBuildConfiguration;
			buildSettings = {
				ALWAYS_SEARCH_USER_PATHS = NO;
				CLANG_CXX_LANGUAGE_STANDARD = "gnu++0x";
				CLANG_CXX_LIBRARY = "libc++";
				CLANG_ENABLE_MODULES = YES;
				CLANG_ENABLE_OBJC_ARC = YES;
				CLANG_WARN_BOOL_CONVERSION = YES;
				CLANG_WARN_CONSTANT_CONVERSION = YES;
				CLANG_WARN_DIRECT_OBJC_ISA_USAGE = YES_ERROR;
				CLANG_WARN_EMPTY_BODY = YES;
				CLANG_WARN_ENUM_CONVERSION = YES;
				CLANG_WARN_INT_CONVERSION = YES;
				CLANG_WARN_OBJC_ROOT_CLASS = YES_ERROR;
				CLANG_WARN_UNREACHABLE_CODE = YES;
				CLANG_WARN__DUPLICATE_METHOD_MATCH = YES;
				"CODE_SIGN_IDENTITY[sdk=iphoneos*]" = "iPhone Developer";
				COPY_PHASE_STRIP = NO;
				DEBUG_INFORMATION_FORMAT = "dwarf-with-dsym";
				ENABLE_NS_ASSERTIONS = NO;
				ENABLE_STRICT_OBJC_MSGSEND = YES;
				GCC_C_LANGUAGE_STANDARD = gnu99;
				GCC_NO_COMMON_BLOCKS = YES;
				GCC_WARN_64_TO_32_BIT_CONVERSION = YES;
				GCC_WARN_ABOUT_RETURN_TYPE = YES_ERROR;
				GCC_WARN_UNDECLARED_SELECTOR = YES;
				GCC_WARN_UNINITIALIZED_AUTOS = YES_AGGRESSIVE;
				GCC_WARN_UNUSED_FUNCTION = YES;
				GCC_WARN_UNUSED_VARIABLE = YES;
				IPHONEOS_DEPLOYMENT_TARGET = 9.2;
				MTL_ENABLE_DEBUG_INFO = NO;
				SDKROOT = iphoneos;
				TARGETED_DEVICE_FAMILY = "1,2";
				VALIDATE_PRODUCT = YES;
			};
			name = Release;
		};
		92BC40A61CCD51D9009D23FB /* Debug */ = {
			isa = XCBuildConfiguration;
			buildSettings = {
				ASSETCATALOG_COMPILER_APPICON_NAME = AppIcon;
				INFOPLIST_FILE = GradeReportSystem/Info.plist;
				LD_RUNPATH_SEARCH_PATHS = "$(inherited) @executable_path/Frameworks";
				PRODUCT_BUNDLE_IDENTIFIER = xyz.devloops.GradeReportSystem;
				PRODUCT_NAME = "$(TARGET_NAME)";
			};
			name = Debug;
		};
		92BC40A71CCD51D9009D23FB /* Release */ = {
			isa = XCBuildConfiguration;
			buildSettings = {
				ASSETCATALOG_COMPILER_APPICON_NAME = AppIcon;
				INFOPLIST_FILE = GradeReportSystem/Info.plist;
				LD_RUNPATH_SEARCH_PATHS = "$(inherited) @executable_path/Frameworks";
				PRODUCT_BUNDLE_IDENTIFIER = xyz.devloops.GradeReportSystem;
				PRODUCT_NAME = "$(TARGET_NAME)";
			};
			name = Release;
		};
/* End XCBuildConfiguration section */

/* Begin XCConfigurationList section */
		92BC408E1CCD51D8009D23FB /* Build configuration list for PBXProject "GradeReportSystem" */ = {
			isa = XCConfigurationList;
			buildConfigurations = (
				92BC40A31CCD51D9009D23FB /* Debug */,
				92BC40A41CCD51D9009D23FB /* Release */,
			);
			defaultConfigurationIsVisible = 0;
			defaultConfigurationName = Release;
		};
		92BC40A51CCD51D9009D23FB /* Build configuration list for PBXNativeTarget "GradeReportSystem" */ = {
			isa = XCConfigurationList;
			buildConfigurations = (
				92BC40A61CCD51D9009D23FB /* Debug */,
				92BC40A71CCD51D9009D23FB /* Release */,
			);
			defaultConfigurationIsVisible = 0;
		};
/* End XCConfigurationList section */
	};
	rootObject = 92BC408B1CCD51D8009D23FB /* Project object */;
}
